
Microsoft Visual Studio Solution File, Format Version 12.00
# Visual Studio Version 17
VisualStudioVersion = 17.6.33815.320
MinimumVisualStudioVersion = 10.0.40219.1
Project("{9A19103F-16F7-4668-BE54-9A1E7A4F7556}") = "HudAsp", "HudAsp\HudAsp.csproj", "{05EA29EA-F3BF-4631-8EA5-0405146AB401}"
EndProject
Project("{2150E333-8FDC-42A3-9474-1A3956D46DE8}") = "1 - Apresentação", "1 - Apresentação", "{4054774F-F500-4132-8917-BF64D94C697F}"
EndProject
Project("{9A19103F-16F7-4668-BE54-9A1E7A4F7556}") = "WebApi", "WebApi\WebApi.csproj", "{8BDFD392-7070-45AE-A775-AD0C5BA524D8}"
EndProject
Project("{2150E333-8FDC-42A3-9474-1A3956D46DE8}") = "3 - Dominio", "3 - Dominio", "{671478B3-BC8F-498B-86C8-4C1BF7BCF1B1}"
EndProject
Project("{9A19103F-16F7-4668-BE54-9A1E7A4F7556}") = "Domain", "Domain\Domain.csproj", "{39D4AED1-BFB9-4B3E-9BC8-D816AE81430B}"
EndProject
Project("{2150E333-8FDC-42A3-9474-1A3956D46DE8}") = "4 - InfraEstrutura", "4 - InfraEstrutura", "{53B2F200-8841-4197-9168-B672F9D3B18D}"
EndProject
Project("{2150E333-8FDC-42A3-9474-1A3956D46DE8}") = "5 - Helpers", "5 - Helpers", "{0CB4629B-A1D3-4929-9BBE-C2543B2A43DB}"
EndProject
Project("{2150E333-8FDC-42A3-9474-1A3956D46DE8}") = "6 - Testes", "6 - Testes", "{E854311F-68FB-4DB2-A7D1-D0D9FA542DE9}"
EndProject
Project("{9A19103F-16F7-4668-BE54-9A1E7A4F7556}") = "Infra", "Infra\Infra.csproj", "{50C4059E-7279-4287-98FE-87DD9F4D6488}"
EndProject
Project("{9A19103F-16F7-4668-BE54-9A1E7A4F7556}") = "Helpers", "Helpers\Helpers.csproj", "{8AA2BD4F-7D73-4BB9-8A11-86AFC4F6A2C8}"
EndProject
Project("{9A19103F-16F7-4668-BE54-9A1E7A4F7556}") = "MS_Teste", "MS_Teste\MS_Teste.csproj", "{BAD31061-9EFA-413A-B548-41B82379A2C6}"
EndProject
Project("{2150E333-8FDC-42A3-9474-1A3956D46DE8}") = "2 - Application", "2 - Application", "{C7C13D3F-5450-49A7-86DC-69AF37CF3647}"
EndProject
Project("{9A19103F-16F7-4668-BE54-9A1E7A4F7556}") = "Application", "Application\Application.csproj", "{519A13F2-E92D-41A8-91B0-F945284F502D}"
EndProject
Project("{2150E333-8FDC-42A3-9474-1A3956D46DE8}") = "API", "API", "{A46E5573-FC87-4DB9-BC4A-9E82AAC44425}"
EndProject
Project("{2150E333-8FDC-42A3-9474-1A3956D46DE8}") = "MVC", "MVC", "{2B92AF1F-0A4A-4D8F-B56A-D6AFA47C24CD}"
EndProject
Global
	GlobalSection(SolutionConfigurationPlatforms) = preSolution
		Debug|Any CPU = Debug|Any CPU
		Release|Any CPU = Release|Any CPU
	EndGlobalSection
	GlobalSection(ProjectConfigurationPlatforms) = postSolution
		{05EA29EA-F3BF-4631-8EA5-0405146AB401}.Debug|Any CPU.ActiveCfg = Debug|Any CPU
		{05EA29EA-F3BF-4631-8EA5-0405146AB401}.Debug|Any CPU.Build.0 = Debug|Any CPU
		{05EA29EA-F3BF-4631-8EA5-0405146AB401}.Release|Any CPU.ActiveCfg = Release|Any CPU
		{05EA29EA-F3BF-4631-8EA5-0405146AB401}.Release|Any CPU.Build.0 = Release|Any CPU
		{8BDFD392-7070-45AE-A775-AD0C5BA524D8}.Debug|Any CPU.ActiveCfg = Debug|Any CPU
		{8BDFD392-7070-45AE-A775-AD0C5BA524D8}.Debug|Any CPU.Build.0 = Debug|Any CPU
		{8BDFD392-7070-45AE-A775-AD0C5BA524D8}.Release|Any CPU.ActiveCfg = Release|Any CPU
		{8BDFD392-7070-45AE-A775-AD0C5BA524D8}.Release|Any CPU.Build.0 = Release|Any CPU
		{39D4AED1-BFB9-4B3E-9BC8-D816AE81430B}.Debug|Any CPU.ActiveCfg = Debug|Any CPU
		{39D4AED1-BFB9-4B3E-9BC8-D816AE81430B}.Debug|Any CPU.Build.0 = Debug|Any CPU
		{39D4AED1-BFB9-4B3E-9BC8-D816AE81430B}.Release|Any CPU.ActiveCfg = Release|Any CPU
		{39D4AED1-BFB9-4B3E-9BC8-D816AE81430B}.Release|Any CPU.Build.0 = Release|Any CPU
		{50C4059E-7279-4287-98FE-87DD9F4D6488}.Debug|Any CPU.ActiveCfg = Debug|Any CPU
		{50C4059E-7279-4287-98FE-87DD9F4D6488}.Debug|Any CPU.Build.0 = Debug|Any CPU
		{50C4059E-7279-4287-98FE-87DD9F4D6488}.Release|Any CPU.ActiveCfg = Release|Any CPU
		{50C4059E-7279-4287-98FE-87DD9F4D6488}.Release|Any CPU.Build.0 = Release|Any CPU
		{8AA2BD4F-7D73-4BB9-8A11-86AFC4F6A2C8}.Debug|Any CPU.ActiveCfg = Debug|Any CPU
		{8AA2BD4F-7D73-4BB9-8A11-86AFC4F6A2C8}.Debug|Any CPU.Build.0 = Debug|Any CPU
		{8AA2BD4F-7D73-4BB9-8A11-86AFC4F6A2C8}.Release|Any CPU.ActiveCfg = Release|Any CPU
		{8AA2BD4F-7D73-4BB9-8A11-86AFC4F6A2C8}.Release|Any CPU.Build.0 = Release|Any CPU
		{BAD31061-9EFA-413A-B548-41B82379A2C6}.Debug|Any CPU.ActiveCfg = Debug|Any CPU
		{BAD31061-9EFA-413A-B548-41B82379A2C6}.Debug|Any CPU.Build.0 = Debug|Any CPU
		{BAD31061-9EFA-413A-B548-41B82379A2C6}.Release|Any CPU.ActiveCfg = Release|Any CPU
		{BAD31061-9EFA-413A-B548-41B82379A2C6}.Release|Any CPU.Build.0 = Release|Any CPU
		{519A13F2-E92D-41A8-91B0-F945284F502D}.Debug|Any CPU.ActiveCfg = Debug|Any CPU
		{519A13F2-E92D-41A8-91B0-F945284F502D}.Debug|Any CPU.Build.0 = Debug|Any CPU
		{519A13F2-E92D-41A8-91B0-F945284F502D}.Release|Any CPU.ActiveCfg = Release|Any CPU
		{519A13F2-E92D-41A8-91B0-F945284F502D}.Release|Any CPU.Build.0 = Release|Any CPU
	EndGlobalSection
	GlobalSection(SolutionProperties) = preSolution
		HideSolutionNode = FALSE
	EndGlobalSection
	GlobalSection(NestedProjects) = preSolution
		{05EA29EA-F3BF-4631-8EA5-0405146AB401} = {2B92AF1F-0A4A-4D8F-B56A-D6AFA47C24CD}
		{8BDFD392-7070-45AE-A775-AD0C5BA524D8} = {A46E5573-FC87-4DB9-BC4A-9E82AAC44425}
		{39D4AED1-BFB9-4B3E-9BC8-D816AE81430B} = {671478B3-BC8F-498B-86C8-4C1BF7BCF1B1}
		{50C4059E-7279-4287-98FE-87DD9F4D6488} = {53B2F200-8841-4197-9168-B672F9D3B18D}
		{8AA2BD4F-7D73-4BB9-8A11-86AFC4F6A2C8} = {0CB4629B-A1D3-4929-9BBE-C2543B2A43DB}
		{BAD31061-9EFA-413A-B548-41B82379A2C6} = {E854311F-68FB-4DB2-A7D1-D0D9FA542DE9}
		{519A13F2-E92D-41A8-91B0-F945284F502D} = {C7C13D3F-5450-49A7-86DC-69AF37CF3647}
		{A46E5573-FC87-4DB9-BC4A-9E82AAC44425} = {4054774F-F500-4132-8917-BF64D94C697F}
		{2B92AF1F-0A4A-4D8F-B56A-D6AFA47C24CD} = {4054774F-F500-4132-8917-BF64D94C697F}
	EndGlobalSection
	GlobalSection(ExtensibilityGlobals) = postSolution
		SolutionGuid = {5CEF2AFE-4CC9-4EC5-8C2A-CE26E79BB8CD}
	EndGlobalSection
EndGlobal
