
Microsoft Visual Studio Solution File, Format Version 12.00
# Visual Studio Version 17
VisualStudioVersion = 17.7.34003.232
MinimumVisualStudioVersion = 10.0.40219.1
Project("{9A19103F-16F7-4668-BE54-9A1E7A4F7556}") = "HudAsp", "HudAsp\HudAsp.csproj", "{05EA29EA-F3BF-4631-8EA5-0405146AB401}"
EndProject
Project("{2150E333-8FDC-42A3-9474-1A3956D46DE8}") = "1-Apresentação", "1-Apresentação", "{F99FF33A-04D8-4880-B4D9-64BC5048EC50}"
EndProject
Project("{2150E333-8FDC-42A3-9474-1A3956D46DE8}") = "2-Dominio", "2-Dominio", "{9D6CBD31-F372-43F5-B486-7719AC2AAA6C}"
EndProject
Project("{9A19103F-16F7-4668-BE54-9A1E7A4F7556}") = "Domain", "Domain\Domain.csproj", "{3FF7E9CD-75F4-4EB7-85AD-27413F4472D4}"
EndProject
Project("{2150E333-8FDC-42A3-9474-1A3956D46DE8}") = "5-Helpers", "5-Helpers", "{0CFA9994-6EA4-4DD2-8D99-CD388AC49E1A}"
EndProject
Project("{9A19103F-16F7-4668-BE54-9A1E7A4F7556}") = "Service", "Service\Service.csproj", "{F3122DC4-8F58-4267-9696-FCEE062FFC3E}"
EndProject
Project("{2150E333-8FDC-42A3-9474-1A3956D46DE8}") = "3-Infraestrutura", "3-Infraestrutura", "{396070A8-0D6A-4014-B933-188AD189EC33}"
EndProject
Project("{9A19103F-16F7-4668-BE54-9A1E7A4F7556}") = "Data", "Data\Data.csproj", "{5AC9EE2D-2E65-4F55-BC6B-A1F747211942}"
EndProject
Project("{2150E333-8FDC-42A3-9474-1A3956D46DE8}") = "4-Entidades", "4-Entidades", "{440EE43B-56E6-48DE-A612-039D2501C6D7}"
EndProject
Project("{FAE04EC0-301F-11D3-BF4B-00C04F79EFBC}") = "Entities", "Entities\Entities.csproj", "{869A1CF6-B935-43A7-830A-41BFA3001975}"
EndProject
Project("{FAE04EC0-301F-11D3-BF4B-00C04F79EFBC}") = "WebApp", "WebApp\WebApp.csproj", "{21FECAEC-9543-4124-B9C6-E0553C623878}"
EndProject
Global
	GlobalSection(SolutionConfigurationPlatforms) = preSolution
		Debug|Any CPU = Debug|Any CPU
		Release|Any CPU = Release|Any CPU
	EndGlobalSection
	GlobalSection(ProjectConfigurationPlatforms) = postSolution
		{05EA29EA-F3BF-4631-8EA5-0405146AB401}.Debug|Any CPU.ActiveCfg = Debug|Any CPU
		{05EA29EA-F3BF-4631-8EA5-0405146AB401}.Debug|Any CPU.Build.0 = Debug|Any CPU
		{05EA29EA-F3BF-4631-8EA5-0405146AB401}.Release|Any CPU.ActiveCfg = Release|Any CPU
		{05EA29EA-F3BF-4631-8EA5-0405146AB401}.Release|Any CPU.Build.0 = Release|Any CPU
		{3FF7E9CD-75F4-4EB7-85AD-27413F4472D4}.Debug|Any CPU.ActiveCfg = Debug|Any CPU
		{3FF7E9CD-75F4-4EB7-85AD-27413F4472D4}.Debug|Any CPU.Build.0 = Debug|Any CPU
		{3FF7E9CD-75F4-4EB7-85AD-27413F4472D4}.Release|Any CPU.ActiveCfg = Release|Any CPU
		{3FF7E9CD-75F4-4EB7-85AD-27413F4472D4}.Release|Any CPU.Build.0 = Release|Any CPU
		{F3122DC4-8F58-4267-9696-FCEE062FFC3E}.Debug|Any CPU.ActiveCfg = Debug|Any CPU
		{F3122DC4-8F58-4267-9696-FCEE062FFC3E}.Debug|Any CPU.Build.0 = Debug|Any CPU
		{F3122DC4-8F58-4267-9696-FCEE062FFC3E}.Release|Any CPU.ActiveCfg = Release|Any CPU
		{F3122DC4-8F58-4267-9696-FCEE062FFC3E}.Release|Any CPU.Build.0 = Release|Any CPU
		{5AC9EE2D-2E65-4F55-BC6B-A1F747211942}.Debug|Any CPU.ActiveCfg = Debug|Any CPU
		{5AC9EE2D-2E65-4F55-BC6B-A1F747211942}.Debug|Any CPU.Build.0 = Debug|Any CPU
		{5AC9EE2D-2E65-4F55-BC6B-A1F747211942}.Release|Any CPU.ActiveCfg = Release|Any CPU
		{5AC9EE2D-2E65-4F55-BC6B-A1F747211942}.Release|Any CPU.Build.0 = Release|Any CPU
		{869A1CF6-B935-43A7-830A-41BFA3001975}.Debug|Any CPU.ActiveCfg = Debug|Any CPU
		{869A1CF6-B935-43A7-830A-41BFA3001975}.Debug|Any CPU.Build.0 = Debug|Any CPU
		{869A1CF6-B935-43A7-830A-41BFA3001975}.Release|Any CPU.ActiveCfg = Release|Any CPU
		{869A1CF6-B935-43A7-830A-41BFA3001975}.Release|Any CPU.Build.0 = Release|Any CPU
		{21FECAEC-9543-4124-B9C6-E0553C623878}.Debug|Any CPU.ActiveCfg = Debug|Any CPU
		{21FECAEC-9543-4124-B9C6-E0553C623878}.Debug|Any CPU.Build.0 = Debug|Any CPU
		{21FECAEC-9543-4124-B9C6-E0553C623878}.Release|Any CPU.ActiveCfg = Release|Any CPU
		{21FECAEC-9543-4124-B9C6-E0553C623878}.Release|Any CPU.Build.0 = Release|Any CPU
	EndGlobalSection
	GlobalSection(SolutionProperties) = preSolution
		HideSolutionNode = FALSE
	EndGlobalSection
	GlobalSection(NestedProjects) = preSolution
		{3FF7E9CD-75F4-4EB7-85AD-27413F4472D4} = {9D6CBD31-F372-43F5-B486-7719AC2AAA6C}
		{F3122DC4-8F58-4267-9696-FCEE062FFC3E} = {0CFA9994-6EA4-4DD2-8D99-CD388AC49E1A}
		{5AC9EE2D-2E65-4F55-BC6B-A1F747211942} = {396070A8-0D6A-4014-B933-188AD189EC33}
		{869A1CF6-B935-43A7-830A-41BFA3001975} = {440EE43B-56E6-48DE-A612-039D2501C6D7}
		{21FECAEC-9543-4124-B9C6-E0553C623878} = {F99FF33A-04D8-4880-B4D9-64BC5048EC50}
	EndGlobalSection
	GlobalSection(ExtensibilityGlobals) = postSolution
		SolutionGuid = {5CEF2AFE-4CC9-4EC5-8C2A-CE26E79BB8CD}
	EndGlobalSection
EndGlobal
